// !$*UTF8*$!
{
	archiveVersion = 1;
	classes = {
	};
	objectVersion = 55;
	objects = {

/* Begin PBXBuildFile section */
		BA5A29BC27B7EF0E004E72AD /* AppDelegate.swift in Sources */ = {isa = PBXBuildFile; fileRef = BA5A29BB27B7EF0E004E72AD /* AppDelegate.swift */; };
		BA5A29BE27B7EF0E004E72AD /* SceneDelegate.swift in Sources */ = {isa = PBXBuildFile; fileRef = BA5A29BD27B7EF0E004E72AD /* SceneDelegate.swift */; };
		BA5A29C027B7EF0E004E72AD /* ViewController.swift in Sources */ = {isa = PBXBuildFile; fileRef = BA5A29BF27B7EF0E004E72AD /* ViewController.swift */; };
		BA5A29C327B7EF0E004E72AD /* Main.storyboard in Resources */ = {isa = PBXBuildFile; fileRef = BA5A29C127B7EF0E004E72AD /* Main.storyboard */; };
		BA5A29C527B7EF16004E72AD /* Assets.xcassets in Resources */ = {isa = PBXBuildFile; fileRef = BA5A29C427B7EF16004E72AD /* Assets.xcassets */; };
		BA5A29C827B7EF16004E72AD /* LaunchScreen.storyboard in Resources */ = {isa = PBXBuildFile; fileRef = BA5A29C627B7EF16004E72AD /* LaunchScreen.storyboard */; };
		BA8FDC5E27C5703B004C251B /* StartScreen.swift in Sources */ = {isa = PBXBuildFile; fileRef = BA8FDC5D27C5703B004C251B /* StartScreen.swift */; };
		BA8FDC6227C78E53004C251B /* UIColor+hex.swift in Sources */ = {isa = PBXBuildFile; fileRef = BA8FDC6127C78E53004C251B /* UIColor+hex.swift */; };
		BA8FDC6427C78E9A004C251B /* UIView+Utilities.swift in Sources */ = {isa = PBXBuildFile; fileRef = BA8FDC6327C78E9A004C251B /* UIView+Utilities.swift */; };
/* End PBXBuildFile section */

/* Begin PBXFileReference section */
		BA5A29B827B7EF0E004E72AD /* Lesson12HomeworkTask2.app */ = {isa = PBXFileReference; explicitFileType = wrapper.application; includeInIndex = 0; path = Lesson12HomeworkTask2.app; sourceTree = BUILT_PRODUCTS_DIR; };
		BA5A29BB27B7EF0E004E72AD /* AppDelegate.swift */ = {isa = PBXFileReference; lastKnownFileType = sourcecode.swift; path = AppDelegate.swift; sourceTree = "<group>"; };
		BA5A29BD27B7EF0E004E72AD /* SceneDelegate.swift */ = {isa = PBXFileReference; lastKnownFileType = sourcecode.swift; path = SceneDelegate.swift; sourceTree = "<group>"; };
		BA5A29BF27B7EF0E004E72AD /* ViewController.swift */ = {isa = PBXFileReference; lastKnownFileType = sourcecode.swift; path = ViewController.swift; sourceTree = "<group>"; };
		BA5A29C227B7EF0E004E72AD /* Base */ = {isa = PBXFileReference; lastKnownFileType = file.storyboard; name = Base; path = Base.lproj/Main.storyboard; sourceTree = "<group>"; };
		BA5A29C427B7EF16004E72AD /* Assets.xcassets */ = {isa = PBXFileReference; lastKnownFileType = folder.assetcatalog; path = Assets.xcassets; sourceTree = "<group>"; };
		BA5A29C727B7EF16004E72AD /* Base */ = {isa = PBXFileReference; lastKnownFileType = file.storyboard; name = Base; path = Base.lproj/LaunchScreen.storyboard; sourceTree = "<group>"; };
		BA5A29C927B7EF16004E72AD /* Info.plist */ = {isa = PBXFileReference; lastKnownFileType = text.plist.xml; path = Info.plist; sourceTree = "<group>"; };
		BA8FDC5D27C5703B004C251B /* StartScreen.swift */ = {isa = PBXFileReference; lastKnownFileType = sourcecode.swift; path = StartScreen.swift; sourceTree = "<group>"; };
		BA8FDC6127C78E53004C251B /* UIColor+hex.swift */ = {isa = PBXFileReference; lastKnownFileType = sourcecode.swift; path = "UIColor+hex.swift"; sourceTree = "<group>"; };
		BA8FDC6327C78E9A004C251B /* UIView+Utilities.swift */ = {isa = PBXFileReference; lastKnownFileType = sourcecode.swift; path = "UIView+Utilities.swift"; sourceTree = "<group>"; };
/* End PBXFileReference section */

/* Begin PBXFrameworksBuildPhase section */
		BA5A29B527B7EF0E004E72AD /* Frameworks */ = {
			isa = PBXFrameworksBuildPhase;
			buildActionMask = 2147483647;
			files = (
			);
			runOnlyForDeploymentPostprocessing = 0;
		};
/* End PBXFrameworksBuildPhase section */

/* Begin PBXGroup section */
		BA5A29AF27B7EF0E004E72AD = {
			isa = PBXGroup;
			children = (
				BA5A29BA27B7EF0E004E72AD /* Lesson12HomeworkTask2 */,
				BA5A29B927B7EF0E004E72AD /* Products */,
			);
			sourceTree = "<group>";
		};
		BA5A29B927B7EF0E004E72AD /* Products */ = {
			isa = PBXGroup;
			children = (
				BA5A29B827B7EF0E004E72AD /* Lesson12HomeworkTask2.app */,
			);
			name = Products;
			sourceTree = "<group>";
		};
		BA5A29BA27B7EF0E004E72AD /* Lesson12HomeworkTask2 */ = {
			isa = PBXGroup;
			children = (
				BA5A29BB27B7EF0E004E72AD /* AppDelegate.swift */,
				BA5A29BD27B7EF0E004E72AD /* SceneDelegate.swift */,
				BA5A29BF27B7EF0E004E72AD /* ViewController.swift */,
				BA8FDC6127C78E53004C251B /* UIColor+hex.swift */,
				BA8FDC6327C78E9A004C251B /* UIView+Utilities.swift */,
				BA8FDC5C27C5701E004C251B /* Start Screen */,
				BA5A29C127B7EF0E004E72AD /* Main.storyboard */,
				BA5A29C427B7EF16004E72AD /* Assets.xcassets */,
				BA5A29C627B7EF16004E72AD /* LaunchScreen.storyboard */,
				BA5A29C927B7EF16004E72AD /* Info.plist */,
			);
			path = Lesson12HomeworkTask2;
			sourceTree = "<group>";
		};
		BA8FDC5C27C5701E004C251B /* Start Screen */ = {
			isa = PBXGroup;
			children = (
				BA8FDC5D27C5703B004C251B /* StartScreen.swift */,
			);
			path = "Start Screen";
			sourceTree = "<group>";
		};
/* End PBXGroup section */

/* Begin PBXNativeTarget section */
		BA5A29B727B7EF0E004E72AD /* Lesson12HomeworkTask2 */ = {
			isa = PBXNativeTarget;
			buildConfigurationList = BA5A29CC27B7EF16004E72AD /* Build configuration list for PBXNativeTarget "Lesson12HomeworkTask2" */;
			buildPhases = (
				BA5A29B427B7EF0E004E72AD /* Sources */,
				BA5A29B527B7EF0E004E72AD /* Frameworks */,
				BA5A29B627B7EF0E004E72AD /* Resources */,
			);
			buildRules = (
			);
			dependencies = (
			);
			name = Lesson12HomeworkTask2;
			productName = Lesson12HomeworkTask2;
			productReference = BA5A29B827B7EF0E004E72AD /* Lesson12HomeworkTask2.app */;
			productType = "com.apple.product-type.application";
		};
/* End PBXNativeTarget section */

/* Begin PBXProject section */
		BA5A29B027B7EF0E004E72AD /* Project object */ = {
			isa = PBXProject;
			attributes = {
				BuildIndependentTargetsInParallel = 1;
				LastSwiftUpdateCheck = 1310;
				LastUpgradeCheck = 1310;
				TargetAttributes = {
					BA5A29B727B7EF0E004E72AD = {
						CreatedOnToolsVersion = 13.1;
					};
				};
			};
			buildConfigurationList = BA5A29B327B7EF0E004E72AD /* Build configuration list for PBXProject "Lesson12HomeworkTask2" */;
			compatibilityVersion = "Xcode 13.0";
			developmentRegion = en;
			hasScannedForEncodings = 0;
			knownRegions = (
				en,
				Base,
			);
			mainGroup = BA5A29AF27B7EF0E004E72AD;
			productRefGroup = BA5A29B927B7EF0E004E72AD /* Products */;
			projectDirPath = "";
			projectRoot = "";
			targets = (
				BA5A29B727B7EF0E004E72AD /* Lesson12HomeworkTask2 */,
			);
		};
/* End PBXProject section */

/* Begin PBXResourcesBuildPhase section */
		BA5A29B627B7EF0E004E72AD /* Resources */ = {
			isa = PBXResourcesBuildPhase;
			buildActionMask = 2147483647;
			files = (
				BA5A29C827B7EF16004E72AD /* LaunchScreen.storyboard in Resources */,
				BA5A29C527B7EF16004E72AD /* Assets.xcassets in Resources */,
				BA5A29C327B7EF0E004E72AD /* Main.storyboard in Resources */,
			);
			runOnlyForDeploymentPostprocessing = 0;
		};
/* End PBXResourcesBuildPhase section */

/* Begin PBXSourcesBuildPhase section */
		BA5A29B427B7EF0E004E72AD /* Sources */ = {
			isa = PBXSourcesBuildPhase;
			buildActionMask = 2147483647;
			files = (
				BA5A29C027B7EF0E004E72AD /* ViewController.swift in Sources */,
				BA5A29BC27B7EF0E004E72AD /* AppDelegate.swift in Sources */,
				BA8FDC6227C78E53004C251B /* UIColor+hex.swift in Sources */,
				BA8FDC5E27C5703B004C251B /* StartScreen.swift in Sources */,
				BA5A29BE27B7EF0E004E72AD /* SceneDelegate.swift in Sources */,
				BA8FDC6427C78E9A004C251B /* UIView+Utilities.swift in Sources */,
			);
			runOnlyForDeploymentPostprocessing = 0;
		};
/* End PBXSourcesBuildPhase section */

/* Begin PBXVariantGroup section */
		BA5A29C127B7EF0E004E72AD /* Main.storyboard */ = {
			isa = PBXVariantGroup;
			children = (
				BA5A29C227B7EF0E004E72AD /* Base */,
			);
			name = Main.storyboard;
			sourceTree = "<group>";
		};
		BA5A29C627B7EF16004E72AD /* LaunchScreen.storyboard */ = {
			isa = PBXVariantGroup;
			children = (
				BA5A29C727B7EF16004E72AD /* Base */,
			);
			name = LaunchScreen.storyboard;
			sourceTree = "<group>";
		};
/* End PBXVariantGroup section */

/* Begin XCBuildConfiguration section */
		BA5A29CA27B7EF16004E72AD /* Debug */ = {
			isa = XCBuildConfiguration;
			buildSettings = {
				ALWAYS_SEARCH_USER_PATHS = NO;
				CLANG_ANALYZER_NONNULL = YES;
				CLANG_ANALYZER_NUMBER_OBJECT_CONVERSION = YES_AGGRESSIVE;
				CLANG_CXX_LANGUAGE_STANDARD = "gnu++17";
				CLANG_CXX_LIBRARY = "libc++";
				CLANG_ENABLE_MODULES = YES;
				CLANG_ENABLE_OBJC_ARC = YES;
				CLANG_ENABLE_OBJC_WEAK = YES;
				CLANG_WARN_BLOCK_CAPTURE_AUTORELEASING = YES;
				CLANG_WARN_BOOL_CONVERSION = YES;
				CLANG_WARN_COMMA = YES;
				CLANG_WARN_CONSTANT_CONVERSION = YES;
				CLANG_WARN_DEPRECATED_OBJC_IMPLEMENTATIONS = YES;
				CLANG_WARN_DIRECT_OBJC_ISA_USAGE = YES_ERROR;
				CLANG_WARN_DOCUMENTATION_COMMENTS = YES;
				CLANG_WARN_EMPTY_BODY = YES;
				CLANG_WARN_ENUM_CONVERSION = YES;
				CLANG_WARN_INFINITE_RECURSION = YES;
				CLANG_WARN_INT_CONVERSION = YES;
				CLANG_WARN_NON_LITERAL_NULL_CONVERSION = YES;
				CLANG_WARN_OBJC_IMPLICIT_RETAIN_SELF = YES;
				CLANG_WARN_OBJC_LITERAL_CONVERSION = YES;
				CLANG_WARN_OBJC_ROOT_CLASS = YES_ERROR;
				CLANG_WARN_QUOTED_INCLUDE_IN_FRAMEWORK_HEADER = YES;
				CLANG_WARN_RANGE_LOOP_ANALYSIS = YES;
				CLANG_WARN_STRICT_PROTOTYPES = YES;
				CLANG_WARN_SUSPICIOUS_MOVE = YES;
				CLANG_WARN_UNGUARDED_AVAILABILITY = YES_AGGRESSIVE;
				CLANG_WARN_UNREACHABLE_CODE = YES;
				CLANG_WARN__DUPLICATE_METHOD_MATCH = YES;
				COPY_PHASE_STRIP = NO;
				DEBUG_INFORMATION_FORMAT = dwarf;
				ENABLE_STRICT_OBJC_MSGSEND = YES;
				ENABLE_TESTABILITY = YES;
				GCC_C_LANGUAGE_STANDARD = gnu11;
				GCC_DYNAMIC_NO_PIC = NO;
				GCC_NO_COMMON_BLOCKS = YES;
				GCC_OPTIMIZATION_LEVEL = 0;
				GCC_PREPROCESSOR_DEFINITIONS = (
					"DEBUG=1",
					"$(inherited)",
				);
				GCC_WARN_64_TO_32_BIT_CONVERSION = YES;
				GCC_WARN_ABOUT_RETURN_TYPE = YES_ERROR;
				GCC_WARN_UNDECLARED_SELECTOR = YES;
				GCC_WARN_UNINITIALIZED_AUTOS = YES_AGGRESSIVE;
				GCC_WARN_UNUSED_FUNCTION = YES;
				GCC_WARN_UNUSED_VARIABLE = YES;
				IPHONEOS_DEPLOYMENT_TARGET = 15.0;
				MTL_ENABLE_DEBUG_INFO = INCLUDE_SOURCE;
				MTL_FAST_MATH = YES;
				ONLY_ACTIVE_ARCH = YES;
				SDKROOT = iphoneos;
				SWIFT_ACTIVE_COMPILATION_CONDITIONS = DEBUG;
				SWIFT_OPTIMIZATION_LEVEL = "-Onone";
			};
			name = Debug;
		};
		BA5A29CB27B7EF16004E72AD /* Release */ = {
			isa = XCBuildConfiguration;
			buildSettings = {
				ALWAYS_SEARCH_USER_PATHS = NO;
				CLANG_ANALYZER_NONNULL = YES;
				CLANG_ANALYZER_NUMBER_OBJECT_CONVERSION = YES_AGGRESSIVE;
				CLANG_CXX_LANGUAGE_STANDARD = "gnu++17";
				CLANG_CXX_LIBRARY = "libc++";
				CLANG_ENABLE_MODULES = YES;
				CLANG_ENABLE_OBJC_ARC = YES;
				CLANG_ENABLE_OBJC_WEAK = YES;
				CLANG_WARN_BLOCK_CAPTURE_AUTORELEASING = YES;
				CLANG_WARN_BOOL_CONVERSION = YES;
				CLANG_WARN_COMMA = YES;
				CLANG_WARN_CONSTANT_CONVERSION = YES;
				CLANG_WARN_DEPRECATED_OBJC_IMPLEMENTATIONS = YES;
				CLANG_WARN_DIRECT_OBJC_ISA_USAGE = YES_ERROR;
				CLANG_WARN_DOCUMENTATION_COMMENTS = YES;
				CLANG_WARN_EMPTY_BODY = YES;
				CLANG_WARN_ENUM_CONVERSION = YES;
				CLANG_WARN_INFINITE_RECURSION = YES;
				CLANG_WARN_INT_CONVERSION = YES;
				CLANG_WARN_NON_LITERAL_NULL_CONVERSION = YES;
				CLANG_WARN_OBJC_IMPLICIT_RETAIN_SELF = YES;
				CLANG_WARN_OBJC_LITERAL_CONVERSION = YES;
				CLANG_WARN_OBJC_ROOT_CLASS = YES_ERROR;
				CLANG_WARN_QUOTED_INCLUDE_IN_FRAMEWORK_HEADER = YES;
				CLANG_WARN_RANGE_LOOP_ANALYSIS = YES;
				CLANG_WARN_STRICT_PROTOTYPES = YES;
				CLANG_WARN_SUSPICIOUS_MOVE = YES;
				CLANG_WARN_UNGUARDED_AVAILABILITY = YES_AGGRESSIVE;
				CLANG_WARN_UNREACHABLE_CODE = YES;
				CLANG_WARN__DUPLICATE_METHOD_MATCH = YES;
				COPY_PHASE_STRIP = NO;
				DEBUG_INFORMATION_FORMAT = "dwarf-with-dsym";
				ENABLE_NS_ASSERTIONS = NO;
				ENABLE_STRICT_OBJC_MSGSEND = YES;
				GCC_C_LANGUAGE_STANDARD = gnu11;
				GCC_NO_COMMON_BLOCKS = YES;
				GCC_WARN_64_TO_32_BIT_CONVERSION = YES;
				GCC_WARN_ABOUT_RETURN_TYPE = YES_ERROR;
				GCC_WARN_UNDECLARED_SELECTOR = YES;
				GCC_WARN_UNINITIALIZED_AUTOS = YES_AGGRESSIVE;
				GCC_WARN_UNUSED_FUNCTION = YES;
				GCC_WARN_UNUSED_VARIABLE = YES;
				IPHONEOS_DEPLOYMENT_TARGET = 15.0;
				MTL_ENABLE_DEBUG_INFO = NO;
				MTL_FAST_MATH = YES;
				SDKROOT = iphoneos;
				SWIFT_COMPILATION_MODE = wholemodule;
				SWIFT_OPTIMIZATION_LEVEL = "-O";
				VALIDATE_PRODUCT = YES;
			};
			name = Release;
		};
		BA5A29CD27B7EF16004E72AD /* Debug */ = {
			isa = XCBuildConfiguration;
			buildSettings = {
				ASSETCATALOG_COMPILER_APPICON_NAME = AppIcon;
				ASSETCATALOG_COMPILER_GLOBAL_ACCENT_COLOR_NAME = AccentColor;
				CODE_SIGN_STYLE = Automatic;
				CURRENT_PROJECT_VERSION = 1;
				GENERATE_INFOPLIST_FILE = YES;
				INFOPLIST_FILE = Lesson12HomeworkTask2/Info.plist;
				INFOPLIST_KEY_UIApplicationSupportsIndirectInputEvents = YES;
				INFOPLIST_KEY_UILaunchStoryboardName = LaunchScreen;
				INFOPLIST_KEY_UIMainStoryboardFile = Main;
				INFOPLIST_KEY_UISupportedInterfaceOrientations_iPad = "UIInterfaceOrientationPortrait UIInterfaceOrientationPortraitUpsideDown UIInterfaceOrientationLandscapeLeft UIInterfaceOrientationLandscapeRight";
				INFOPLIST_KEY_UISupportedInterfaceOrientations_iPhone = "UIInterfaceOrientationPortrait UIInterfaceOrientationLandscapeLeft UIInterfaceOrientationLandscapeRight";
				LD_RUNPATH_SEARCH_PATHS = (
					"$(inherited)",
					"@executable_path/Frameworks",
				);
				MARKETING_VERSION = 1.0;
				PRODUCT_BUNDLE_IDENTIFIER = com.Test.Lesson12HomeworkTask2;
				PRODUCT_NAME = "$(TARGET_NAME)";
				SWIFT_EMIT_LOC_STRINGS = YES;
				SWIFT_VERSION = 5.0;
				TARGETED_DEVICE_FAMILY = "1,2";
			};
			name = Debug;
		};
		BA5A29CE27B7EF16004E72AD /* Release */ = {
			isa = XCBuildConfiguration;
			buildSettings = {
				ASSETCATALOG_COMPILER_APPICON_NAME = AppIcon;
				ASSETCATALOG_COMPILER_GLOBAL_ACCENT_COLOR_NAME = AccentColor;
				CODE_SIGN_STYLE = Automatic;
				CURRENT_PROJECT_VERSION = 1;
				GENERATE_INFOPLIST_FILE = YES;
				INFOPLIST_FILE = Lesson12HomeworkTask2/Info.plist;
				INFOPLIST_KEY_UIApplicationSupportsIndirectInputEvents = YES;
				INFOPLIST_KEY_UILaunchStoryboardName = LaunchScreen;
				INFOPLIST_KEY_UIMainStoryboardFile = Main;
				INFOPLIST_KEY_UISupportedInterfaceOrientations_iPad = "UIInterfaceOrientationPortrait UIInterfaceOrientationPortraitUpsideDown UIInterfaceOrientationLandscapeLeft UIInterfaceOrientationLandscapeRight";
				INFOPLIST_KEY_UISupportedInterfaceOrientations_iPhone = "UIInterfaceOrientationPortrait UIInterfaceOrientationLandscapeLeft UIInterfaceOrientationLandscapeRight";
				LD_RUNPATH_SEARCH_PATHS = (
					"$(inherited)",
					"@executable_path/Frameworks",
				);
				MARKETING_VERSION = 1.0;
				PRODUCT_BUNDLE_IDENTIFIER = com.Test.Lesson12HomeworkTask2;
				PRODUCT_NAME = "$(TARGET_NAME)";
				SWIFT_EMIT_LOC_STRINGS = YES;
				SWIFT_VERSION = 5.0;
				TARGETED_DEVICE_FAMILY = "1,2";
			};
			name = Release;
		};
/* End XCBuildConfiguration section */

/* Begin XCConfigurationList section */
		BA5A29B327B7EF0E004E72AD /* Build configuration list for PBXProject "Lesson12HomeworkTask2" */ = {
			isa = XCConfigurationList;
			buildConfigurations = (
				BA5A29CA27B7EF16004E72AD /* Debug */,
				BA5A29CB27B7EF16004E72AD /* Release */,
			);
			defaultConfigurationIsVisible = 0;
			defaultConfigurationName = Release;
		};
		BA5A29CC27B7EF16004E72AD /* Build configuration list for PBXNativeTarget "Lesson12HomeworkTask2" */ = {
			isa = XCConfigurationList;
			buildConfigurations = (
				BA5A29CD27B7EF16004E72AD /* Debug */,
				BA5A29CE27B7EF16004E72AD /* Release */,
			);
			defaultConfigurationIsVisible = 0;
			defaultConfigurationName = Release;
		};
/* End XCConfigurationList section */
	};
	rootObject = BA5A29B027B7EF0E004E72AD /* Project object */;
}
